
Microsoft Visual Studio Solution File, Format Version 12.00
# Visual Studio Version 16
VisualStudioVersion = 16.0.33423.256
MinimumVisualStudioVersion = 10.0.40219.1
Project("{FAE04EC0-301F-11D3-BF4B-00C04F79EFBC}") = "Problem01", "Problem01.csproj", "{E21C0CDE-1B85-4EBE-9EFC-17B31CC7C118}"
EndProject
Global
	GlobalSection(SolutionConfigurationPlatforms) = preSolution
		Debug|Any CPU = Debug|Any CPU
		Release|Any CPU = Release|Any CPU
	EndGlobalSection
	GlobalSection(ProjectConfigurationPlatforms) = postSolution
		{E21C0CDE-1B85-4EBE-9EFC-17B31CC7C118}.Debug|Any CPU.ActiveCfg = Debug|Any CPU
		{E21C0CDE-1B85-4EBE-9EFC-17B31CC7C118}.Debug|Any CPU.Build.0 = Debug|Any CPU
		{E21C0CDE-1B85-4EBE-9EFC-17B31CC7C118}.Release|Any CPU.ActiveCfg = Release|Any CPU
		{E21C0CDE-1B85-4EBE-9EFC-17B31CC7C118}.Release|Any CPU.Build.0 = Release|Any CPU
	EndGlobalSection
	GlobalSection(SolutionProperties) = preSolution
		HideSolutionNode = FALSE
	EndGlobalSection
	GlobalSection(ExtensibilityGlobals) = postSolution
		SolutionGuid = {AA93AF92-5AE4-4201-88BB-72EA0D56F95C}
	EndGlobalSection
EndGlobal
